// !$*UTF8*$!
{
	archiveVersion = 1;
	classes = {
	};
	objectVersion = 50;
	objects = {

/* Begin PBXBuildFile section */
		894C43F421F3498D00470F2A /* AppDelegate.swift in Sources */ = {isa = PBXBuildFile; fileRef = 894C43F321F3498D00470F2A /* AppDelegate.swift */; };
		894C43F621F3498D00470F2A /* ViewController.swift in Sources */ = {isa = PBXBuildFile; fileRef = 894C43F521F3498D00470F2A /* ViewController.swift */; };
		894C43F921F3498D00470F2A /* Main.storyboard in Resources */ = {isa = PBXBuildFile; fileRef = 894C43F721F3498D00470F2A /* Main.storyboard */; };
		894C43FB21F349B400470F2A /* Assets.xcassets in Resources */ = {isa = PBXBuildFile; fileRef = 894C43FA21F349B400470F2A /* Assets.xcassets */; };
		894C43FE21F349B400470F2A /* LaunchScreen.storyboard in Resources */ = {isa = PBXBuildFile; fileRef = 894C43FC21F349B400470F2A /* LaunchScreen.storyboard */; };
		894C440921F349B500470F2A /* ClosuresTests.swift in Sources */ = {isa = PBXBuildFile; fileRef = 894C440821F349B500470F2A /* ClosuresTests.swift */; };
		894C441421F349B500470F2A /* ClosuresUITests.swift in Sources */ = {isa = PBXBuildFile; fileRef = 894C441321F349B500470F2A /* ClosuresUITests.swift */; };
		894C442221F349F200470F2A /* Closures.swift in Sources */ = {isa = PBXBuildFile; fileRef = 894C442121F349F200470F2A /* Closures.swift */; };
/* End PBXBuildFile section */

/* Begin PBXContainerItemProxy section */
		894C440521F349B500470F2A /* PBXContainerItemProxy */ = {
			isa = PBXContainerItemProxy;
			containerPortal = 894C43E821F3498C00470F2A /* Project object */;
			proxyType = 1;
			remoteGlobalIDString = 894C43EF21F3498C00470F2A;
			remoteInfo = Closures;
		};
		894C441021F349B500470F2A /* PBXContainerItemProxy */ = {
			isa = PBXContainerItemProxy;
			containerPortal = 894C43E821F3498C00470F2A /* Project object */;
			proxyType = 1;
			remoteGlobalIDString = 894C43EF21F3498C00470F2A;
			remoteInfo = Closures;
		};
/* End PBXContainerItemProxy section */

/* Begin PBXFileReference section */
		894C43F021F3498C00470F2A /* Closures.app */ = {isa = PBXFileReference; explicitFileType = wrapper.application; includeInIndex = 0; path = Closures.app; sourceTree = BUILT_PRODUCTS_DIR; };
		894C43F321F3498D00470F2A /* AppDelegate.swift */ = {isa = PBXFileReference; lastKnownFileType = sourcecode.swift; path = AppDelegate.swift; sourceTree = "<group>"; };
		894C43F521F3498D00470F2A /* ViewController.swift */ = {isa = PBXFileReference; lastKnownFileType = sourcecode.swift; path = ViewController.swift; sourceTree = "<group>"; };
		894C43F821F3498D00470F2A /* Base */ = {isa = PBXFileReference; lastKnownFileType = file.storyboard; name = Base; path = Base.lproj/Main.storyboard; sourceTree = "<group>"; };
		894C43FA21F349B400470F2A /* Assets.xcassets */ = {isa = PBXFileReference; lastKnownFileType = folder.assetcatalog; path = Assets.xcassets; sourceTree = "<group>"; };
		894C43FD21F349B400470F2A /* Base */ = {isa = PBXFileReference; lastKnownFileType = file.storyboard; name = Base; path = Base.lproj/LaunchScreen.storyboard; sourceTree = "<group>"; };
		894C43FF21F349B400470F2A /* Info.plist */ = {isa = PBXFileReference; lastKnownFileType = text.plist.xml; path = Info.plist; sourceTree = "<group>"; };
		894C440421F349B500470F2A /* ClosuresTests.xctest */ = {isa = PBXFileReference; explicitFileType = wrapper.cfbundle; includeInIndex = 0; path = ClosuresTests.xctest; sourceTree = BUILT_PRODUCTS_DIR; };
		894C440821F349B500470F2A /* ClosuresTests.swift */ = {isa = PBXFileReference; lastKnownFileType = sourcecode.swift; path = ClosuresTests.swift; sourceTree = "<group>"; };
		894C440A21F349B500470F2A /* Info.plist */ = {isa = PBXFileReference; lastKnownFileType = text.plist.xml; path = Info.plist; sourceTree = "<group>"; };
		894C440F21F349B500470F2A /* ClosuresUITests.xctest */ = {isa = PBXFileReference; explicitFileType = wrapper.cfbundle; includeInIndex = 0; path = ClosuresUITests.xctest; sourceTree = BUILT_PRODUCTS_DIR; };
		894C441321F349B500470F2A /* ClosuresUITests.swift */ = {isa = PBXFileReference; lastKnownFileType = sourcecode.swift; path = ClosuresUITests.swift; sourceTree = "<group>"; };
		894C441521F349B500470F2A /* Info.plist */ = {isa = PBXFileReference; lastKnownFileType = text.plist.xml; path = Info.plist; sourceTree = "<group>"; };
		894C442121F349F200470F2A /* Closures.swift */ = {isa = PBXFileReference; lastKnownFileType = sourcecode.swift; path = Closures.swift; sourceTree = "<group>"; };
/* End PBXFileReference section */

/* Begin PBXFrameworksBuildPhase section */
		894C43ED21F3498C00470F2A /* Frameworks */ = {
			isa = PBXFrameworksBuildPhase;
			buildActionMask = 2147483647;
			files = (
			);
			runOnlyForDeploymentPostprocessing = 0;
		};
		894C440121F349B500470F2A /* Frameworks */ = {
			isa = PBXFrameworksBuildPhase;
			buildActionMask = 2147483647;
			files = (
			);
			runOnlyForDeploymentPostprocessing = 0;
		};
		894C440C21F349B500470F2A /* Frameworks */ = {
			isa = PBXFrameworksBuildPhase;
			buildActionMask = 2147483647;
			files = (
			);
			runOnlyForDeploymentPostprocessing = 0;
		};
/* End PBXFrameworksBuildPhase section */

/* Begin PBXGroup section */
		894C43E721F3498C00470F2A = {
			isa = PBXGroup;
			children = (
				894C43F221F3498C00470F2A /* Closures */,
				894C440721F349B500470F2A /* ClosuresTests */,
				894C441221F349B500470F2A /* ClosuresUITests */,
				894C43F121F3498C00470F2A /* Products */,
			);
			sourceTree = "<group>";
		};
		894C43F121F3498C00470F2A /* Products */ = {
			isa = PBXGroup;
			children = (
				894C43F021F3498C00470F2A /* Closures.app */,
				894C440421F349B500470F2A /* ClosuresTests.xctest */,
				894C440F21F349B500470F2A /* ClosuresUITests.xctest */,
			);
			name = Products;
			sourceTree = "<group>";
		};
		894C43F221F3498C00470F2A /* Closures */ = {
			isa = PBXGroup;
			children = (
				894C43F321F3498D00470F2A /* AppDelegate.swift */,
				894C43F521F3498D00470F2A /* ViewController.swift */,
				894C43F721F3498D00470F2A /* Main.storyboard */,
				894C43FA21F349B400470F2A /* Assets.xcassets */,
				894C43FC21F349B400470F2A /* LaunchScreen.storyboard */,
				894C43FF21F349B400470F2A /* Info.plist */,
				894C442121F349F200470F2A /* Closures.swift */,
			);
			path = Closures;
			sourceTree = "<group>";
		};
		894C440721F349B500470F2A /* ClosuresTests */ = {
			isa = PBXGroup;
			children = (
				894C440821F349B500470F2A /* ClosuresTests.swift */,
				894C440A21F349B500470F2A /* Info.plist */,
			);
			path = ClosuresTests;
			sourceTree = "<group>";
		};
		894C441221F349B500470F2A /* ClosuresUITests */ = {
			isa = PBXGroup;
			children = (
				894C441321F349B500470F2A /* ClosuresUITests.swift */,
				894C441521F349B500470F2A /* Info.plist */,
			);
			path = ClosuresUITests;
			sourceTree = "<group>";
		};
/* End PBXGroup section */

/* Begin PBXNativeTarget section */
		894C43EF21F3498C00470F2A /* Closures */ = {
			isa = PBXNativeTarget;
			buildConfigurationList = 894C441821F349B500470F2A /* Build configuration list for PBXNativeTarget "Closures" */;
			buildPhases = (
				894C43EC21F3498C00470F2A /* Sources */,
				894C43ED21F3498C00470F2A /* Frameworks */,
				894C43EE21F3498C00470F2A /* Resources */,
			);
			buildRules = (
			);
			dependencies = (
			);
			name = Closures;
			productName = Closures;
			productReference = 894C43F021F3498C00470F2A /* Closures.app */;
			productType = "com.apple.product-type.application";
		};
		894C440321F349B500470F2A /* ClosuresTests */ = {
			isa = PBXNativeTarget;
			buildConfigurationList = 894C441B21F349B500470F2A /* Build configuration list for PBXNativeTarget "ClosuresTests" */;
			buildPhases = (
				894C440021F349B500470F2A /* Sources */,
				894C440121F349B500470F2A /* Frameworks */,
				894C440221F349B500470F2A /* Resources */,
			);
			buildRules = (
			);
			dependencies = (
				894C440621F349B500470F2A /* PBXTargetDependency */,
			);
			name = ClosuresTests;
			productName = ClosuresTests;
			productReference = 894C440421F349B500470F2A /* ClosuresTests.xctest */;
			productType = "com.apple.product-type.bundle.unit-test";
		};
		894C440E21F349B500470F2A /* ClosuresUITests */ = {
			isa = PBXNativeTarget;
			buildConfigurationList = 894C441E21F349B500470F2A /* Build configuration list for PBXNativeTarget "ClosuresUITests" */;
			buildPhases = (
				894C440B21F349B500470F2A /* Sources */,
				894C440C21F349B500470F2A /* Frameworks */,
				894C440D21F349B500470F2A /* Resources */,
			);
			buildRules = (
			);
			dependencies = (
				894C441121F349B500470F2A /* PBXTargetDependency */,
			);
			name = ClosuresUITests;
			productName = ClosuresUITests;
			productReference = 894C440F21F349B500470F2A /* ClosuresUITests.xctest */;
			productType = "com.apple.product-type.bundle.ui-testing";
		};
/* End PBXNativeTarget section */

/* Begin PBXProject section */
		894C43E821F3498C00470F2A /* Project object */ = {
			isa = PBXProject;
			attributes = {
				LastSwiftUpdateCheck = 1010;
				LastUpgradeCheck = 1010;
				ORGANIZATIONNAME = "Nazia Afroz";
				TargetAttributes = {
					894C43EF21F3498C00470F2A = {
						CreatedOnToolsVersion = 10.1;
					};
					894C440321F349B500470F2A = {
						CreatedOnToolsVersion = 10.1;
						TestTargetID = 894C43EF21F3498C00470F2A;
					};
					894C440E21F349B500470F2A = {
						CreatedOnToolsVersion = 10.1;
						TestTargetID = 894C43EF21F3498C00470F2A;
					};
				};
			};
			buildConfigurationList = 894C43EB21F3498C00470F2A /* Build configuration list for PBXProject "Closures" */;
			compatibilityVersion = "Xcode 9.3";
			developmentRegion = en;
			hasScannedForEncodings = 0;
			knownRegions = (
				en,
				Base,
			);
			mainGroup = 894C43E721F3498C00470F2A;
			productRefGroup = 894C43F121F3498C00470F2A /* Products */;
			projectDirPath = "";
			projectRoot = "";
			targets = (
				894C43EF21F3498C00470F2A /* Closures */,
				894C440321F349B500470F2A /* ClosuresTests */,
				894C440E21F349B500470F2A /* ClosuresUITests */,
			);
		};
/* End PBXProject section */

/* Begin PBXResourcesBuildPhase section */
		894C43EE21F3498C00470F2A /* Resources */ = {
			isa = PBXResourcesBuildPhase;
			buildActionMask = 2147483647;
			files = (
				894C43FE21F349B400470F2A /* LaunchScreen.storyboard in Resources */,
				894C43FB21F349B400470F2A /* Assets.xcassets in Resources */,
				894C43F921F3498D00470F2A /* Main.storyboard in Resources */,
			);
			runOnlyForDeploymentPostprocessing = 0;
		};
		894C440221F349B500470F2A /* Resources */ = {
			isa = PBXResourcesBuildPhase;
			buildActionMask = 2147483647;
			files = (
			);
			runOnlyForDeploymentPostprocessing = 0;
		};
		894C440D21F349B500470F2A /* Resources */ = {
			isa = PBXResourcesBuildPhase;
			buildActionMask = 2147483647;
			files = (
			);
			runOnlyForDeploymentPostprocessing = 0;
		};
/* End PBXResourcesBuildPhase section */

/* Begin PBXSourcesBuildPhase section */
		894C43EC21F3498C00470F2A /* Sources */ = {
			isa = PBXSourcesBuildPhase;
			buildActionMask = 2147483647;
			files = (
				894C43F621F3498D00470F2A /* ViewController.swift in Sources */,
				894C43F421F3498D00470F2A /* AppDelegate.swift in Sources */,
				894C442221F349F200470F2A /* Closures.swift in Sources */,
			);
			runOnlyForDeploymentPostprocessing = 0;
		};
		894C440021F349B500470F2A /* Sources */ = {
			isa = PBXSourcesBuildPhase;
			buildActionMask = 2147483647;
			files = (
				894C440921F349B500470F2A /* ClosuresTests.swift in Sources */,
			);
			runOnlyForDeploymentPostprocessing = 0;
		};
		894C440B21F349B500470F2A /* Sources */ = {
			isa = PBXSourcesBuildPhase;
			buildActionMask = 2147483647;
			files = (
				894C441421F349B500470F2A /* ClosuresUITests.swift in Sources */,
			);
			runOnlyForDeploymentPostprocessing = 0;
		};
/* End PBXSourcesBuildPhase section */

/* Begin PBXTargetDependency section */
		894C440621F349B500470F2A /* PBXTargetDependency */ = {
			isa = PBXTargetDependency;
			target = 894C43EF21F3498C00470F2A /* Closures */;
			targetProxy = 894C440521F349B500470F2A /* PBXContainerItemProxy */;
		};
		894C441121F349B500470F2A /* PBXTargetDependency */ = {
			isa = PBXTargetDependency;
			target = 894C43EF21F3498C00470F2A /* Closures */;
			targetProxy = 894C441021F349B500470F2A /* PBXContainerItemProxy */;
		};
/* End PBXTargetDependency section */

/* Begin PBXVariantGroup section */
		894C43F721F3498D00470F2A /* Main.storyboard */ = {
			isa = PBXVariantGroup;
			children = (
				894C43F821F3498D00470F2A /* Base */,
			);
			name = Main.storyboard;
			sourceTree = "<group>";
		};
		894C43FC21F349B400470F2A /* LaunchScreen.storyboard */ = {
			isa = PBXVariantGroup;
			children = (
				894C43FD21F349B400470F2A /* Base */,
			);
			name = LaunchScreen.storyboard;
			sourceTree = "<group>";
		};
/* End PBXVariantGroup section */

/* Begin XCBuildConfiguration section */
		894C441621F349B500470F2A /* Debug */ = {
			isa = XCBuildConfiguration;
			buildSettings = {
				ALWAYS_SEARCH_USER_PATHS = NO;
				CLANG_ANALYZER_NONNULL = YES;
				CLANG_ANALYZER_NUMBER_OBJECT_CONVERSION = YES_AGGRESSIVE;
				CLANG_CXX_LANGUAGE_STANDARD = "gnu++14";
				CLANG_CXX_LIBRARY = "libc++";
				CLANG_ENABLE_MODULES = YES;
				CLANG_ENABLE_OBJC_ARC = YES;
				CLANG_ENABLE_OBJC_WEAK = YES;
				CLANG_WARN_BLOCK_CAPTURE_AUTORELEASING = YES;
				CLANG_WARN_BOOL_CONVERSION = YES;
				CLANG_WARN_COMMA = YES;
				CLANG_WARN_CONSTANT_CONVERSION = YES;
				CLANG_WARN_DEPRECATED_OBJC_IMPLEMENTATIONS = YES;
				CLANG_WARN_DIRECT_OBJC_ISA_USAGE = YES_ERROR;
				CLANG_WARN_DOCUMENTATION_COMMENTS = YES;
				CLANG_WARN_EMPTY_BODY = YES;
				CLANG_WARN_ENUM_CONVERSION = YES;
				CLANG_WARN_INFINITE_RECURSION = YES;
				CLANG_WARN_INT_CONVERSION = YES;
				CLANG_WARN_NON_LITERAL_NULL_CONVERSION = YES;
				CLANG_WARN_OBJC_IMPLICIT_RETAIN_SELF = YES;
				CLANG_WARN_OBJC_LITERAL_CONVERSION = YES;
				CLANG_WARN_OBJC_ROOT_CLASS = YES_ERROR;
				CLANG_WARN_RANGE_LOOP_ANALYSIS = YES;
				CLANG_WARN_STRICT_PROTOTYPES = YES;
				CLANG_WARN_SUSPICIOUS_MOVE = YES;
				CLANG_WARN_UNGUARDED_AVAILABILITY = YES_AGGRESSIVE;
				CLANG_WARN_UNREACHABLE_CODE = YES;
				CLANG_WARN__DUPLICATE_METHOD_MATCH = YES;
				CODE_SIGN_IDENTITY = "iPhone Developer";
				COPY_PHASE_STRIP = NO;
				DEBUG_INFORMATION_FORMAT = dwarf;
				ENABLE_STRICT_OBJC_MSGSEND = YES;
				ENABLE_TESTABILITY = YES;
				GCC_C_LANGUAGE_STANDARD = gnu11;
				GCC_DYNAMIC_NO_PIC = NO;
				GCC_NO_COMMON_BLOCKS = YES;
				GCC_OPTIMIZATION_LEVEL = 0;
				GCC_PREPROCESSOR_DEFINITIONS = (
					"DEBUG=1",
					"$(inherited)",
				);
				GCC_WARN_64_TO_32_BIT_CONVERSION = YES;
				GCC_WARN_ABOUT_RETURN_TYPE = YES_ERROR;
				GCC_WARN_UNDECLARED_SELECTOR = YES;
				GCC_WARN_UNINITIALIZED_AUTOS = YES_AGGRESSIVE;
				GCC_WARN_UNUSED_FUNCTION = YES;
				GCC_WARN_UNUSED_VARIABLE = YES;
				IPHONEOS_DEPLOYMENT_TARGET = 12.1;
				MTL_ENABLE_DEBUG_INFO = INCLUDE_SOURCE;
				MTL_FAST_MATH = YES;
				ONLY_ACTIVE_ARCH = YES;
				SDKROOT = iphoneos;
				SWIFT_ACTIVE_COMPILATION_CONDITIONS = DEBUG;
				SWIFT_OPTIMIZATION_LEVEL = "-Onone";
			};
			name = Debug;
		};
		894C441721F349B500470F2A /* Release */ = {
			isa = XCBuildConfiguration;
			buildSettings = {
				ALWAYS_SEARCH_USER_PATHS = NO;
				CLANG_ANALYZER_NONNULL = YES;
				CLANG_ANALYZER_NUMBER_OBJECT_CONVERSION = YES_AGGRESSIVE;
				CLANG_CXX_LANGUAGE_STANDARD = "gnu++14";
				CLANG_CXX_LIBRARY = "libc++";
				CLANG_ENABLE_MODULES = YES;
				CLANG_ENABLE_OBJC_ARC = YES;
				CLANG_ENABLE_OBJC_WEAK = YES;
				CLANG_WARN_BLOCK_CAPTURE_AUTORELEASING = YES;
				CLANG_WARN_BOOL_CONVERSION = YES;
				CLANG_WARN_COMMA = YES;
				CLANG_WARN_CONSTANT_CONVERSION = YES;
				CLANG_WARN_DEPRECATED_OBJC_IMPLEMENTATIONS = YES;
				CLANG_WARN_DIRECT_OBJC_ISA_USAGE = YES_ERROR;
				CLANG_WARN_DOCUMENTATION_COMMENTS = YES;
				CLANG_WARN_EMPTY_BODY = YES;
				CLANG_WARN_ENUM_CONVERSION = YES;
				CLANG_WARN_INFINITE_RECURSION = YES;
				CLANG_WARN_INT_CONVERSION = YES;
				CLANG_WARN_NON_LITERAL_NULL_CONVERSION = YES;
				CLANG_WARN_OBJC_IMPLICIT_RETAIN_SELF = YES;
				CLANG_WARN_OBJC_LITERAL_CONVERSION = YES;
				CLANG_WARN_OBJC_ROOT_CLASS = YES_ERROR;
				CLANG_WARN_RANGE_LOOP_ANALYSIS = YES;
				CLANG_WARN_STRICT_PROTOTYPES = YES;
				CLANG_WARN_SUSPICIOUS_MOVE = YES;
				CLANG_WARN_UNGUARDED_AVAILABILITY = YES_AGGRESSIVE;
				CLANG_WARN_UNREACHABLE_CODE = YES;
				CLANG_WARN__DUPLICATE_METHOD_MATCH = YES;
				CODE_SIGN_IDENTITY = "iPhone Developer";
				COPY_PHASE_STRIP = NO;
				DEBUG_INFORMATION_FORMAT = "dwarf-with-dsym";
				ENABLE_NS_ASSERTIONS = NO;
				ENABLE_STRICT_OBJC_MSGSEND = YES;
				GCC_C_LANGUAGE_STANDARD = gnu11;
				GCC_NO_COMMON_BLOCKS = YES;
				GCC_WARN_64_TO_32_BIT_CONVERSION = YES;
				GCC_WARN_ABOUT_RETURN_TYPE = YES_ERROR;
				GCC_WARN_UNDECLARED_SELECTOR = YES;
				GCC_WARN_UNINITIALIZED_AUTOS = YES_AGGRESSIVE;
				GCC_WARN_UNUSED_FUNCTION = YES;
				GCC_WARN_UNUSED_VARIABLE = YES;
				IPHONEOS_DEPLOYMENT_TARGET = 12.1;
				MTL_ENABLE_DEBUG_INFO = NO;
				MTL_FAST_MATH = YES;
				SDKROOT = iphoneos;
				SWIFT_COMPILATION_MODE = wholemodule;
				SWIFT_OPTIMIZATION_LEVEL = "-O";
				VALIDATE_PRODUCT = YES;
			};
			name = Release;
		};
		894C441921F349B500470F2A /* Debug */ = {
			isa = XCBuildConfiguration;
			buildSettings = {
				ASSETCATALOG_COMPILER_APPICON_NAME = AppIcon;
				CODE_SIGN_STYLE = Automatic;
				INFOPLIST_FILE = Closures/Info.plist;
				LD_RUNPATH_SEARCH_PATHS = (
					"$(inherited)",
					"@executable_path/Frameworks",
				);
				PRODUCT_BUNDLE_IDENTIFIER = shohag.protocols.Closures;
				PRODUCT_NAME = "$(TARGET_NAME)";
				SWIFT_VERSION = 4.2;
				TARGETED_DEVICE_FAMILY = "1,2";
			};
			name = Debug;
		};
		894C441A21F349B500470F2A /* Release */ = {
			isa = XCBuildConfiguration;
			buildSettings = {
				ASSETCATALOG_COMPILER_APPICON_NAME = AppIcon;
				CODE_SIGN_STYLE = Automatic;
				INFOPLIST_FILE = Closures/Info.plist;
				LD_RUNPATH_SEARCH_PATHS = (
					"$(inherited)",
					"@executable_path/Frameworks",
				);
				PRODUCT_BUNDLE_IDENTIFIER = shohag.protocols.Closures;
				PRODUCT_NAME = "$(TARGET_NAME)";
				SWIFT_VERSION = 4.2;
				TARGETED_DEVICE_FAMILY = "1,2";
			};
			name = Release;
		};
		894C441C21F349B500470F2A /* Debug */ = {
			isa = XCBuildConfiguration;
			buildSettings = {
				ALWAYS_EMBED_SWIFT_STANDARD_LIBRARIES = YES;
				BUNDLE_LOADER = "$(TEST_HOST)";
				CODE_SIGN_STYLE = Automatic;
				INFOPLIST_FILE = ClosuresTests/Info.plist;
				LD_RUNPATH_SEARCH_PATHS = (
					"$(inherited)",
					"@executable_path/Frameworks",
					"@loader_path/Frameworks",
				);
				PRODUCT_BUNDLE_IDENTIFIER = shohag.protocols.ClosuresTests;
				PRODUCT_NAME = "$(TARGET_NAME)";
				SWIFT_VERSION = 4.2;
				TARGETED_DEVICE_FAMILY = "1,2";
				TEST_HOST = "$(BUILT_PRODUCTS_DIR)/Closures.app/Closures";
			};
			name = Debug;
		};
		894C441D21F349B500470F2A /* Release */ = {
			isa = XCBuildConfiguration;
			buildSettings = {
				ALWAYS_EMBED_SWIFT_STANDARD_LIBRARIES = YES;
				BUNDLE_LOADER = "$(TEST_HOST)";
				CODE_SIGN_STYLE = Automatic;
				INFOPLIST_FILE = ClosuresTests/Info.plist;
				LD_RUNPATH_SEARCH_PATHS = (
					"$(inherited)",
					"@executable_path/Frameworks",
					"@loader_path/Frameworks",
				);
				PRODUCT_BUNDLE_IDENTIFIER = shohag.protocols.ClosuresTests;
				PRODUCT_NAME = "$(TARGET_NAME)";
				SWIFT_VERSION = 4.2;
				TARGETED_DEVICE_FAMILY = "1,2";
				TEST_HOST = "$(BUILT_PRODUCTS_DIR)/Closures.app/Closures";
			};
			name = Release;
		};
		894C441F21F349B500470F2A /* Debug */ = {
			isa = XCBuildConfiguration;
			buildSettings = {
				ALWAYS_EMBED_SWIFT_STANDARD_LIBRARIES = YES;
				CODE_SIGN_STYLE = Automatic;
				INFOPLIST_FILE = ClosuresUITests/Info.plist;
				LD_RUNPATH_SEARCH_PATHS = (
					"$(inherited)",
					"@executable_path/Frameworks",
					"@loader_path/Frameworks",
				);
				PRODUCT_BUNDLE_IDENTIFIER = shohag.protocols.ClosuresUITests;
				PRODUCT_NAME = "$(TARGET_NAME)";
				SWIFT_VERSION = 4.2;
				TARGETED_DEVICE_FAMILY = "1,2";
				TEST_TARGET_NAME = Closures;
			};
			name = Debug;
		};
		894C442021F349B500470F2A /* Release */ = {
			isa = XCBuildConfiguration;
			buildSettings = {
				ALWAYS_EMBED_SWIFT_STANDARD_LIBRARIES = YES;
				CODE_SIGN_STYLE = Automatic;
				INFOPLIST_FILE = ClosuresUITests/Info.plist;
				LD_RUNPATH_SEARCH_PATHS = (
					"$(inherited)",
					"@executable_path/Frameworks",
					"@loader_path/Frameworks",
				);
				PRODUCT_BUNDLE_IDENTIFIER = shohag.protocols.ClosuresUITests;
				PRODUCT_NAME = "$(TARGET_NAME)";
				SWIFT_VERSION = 4.2;
				TARGETED_DEVICE_FAMILY = "1,2";
				TEST_TARGET_NAME = Closures;
			};
			name = Release;
		};
/* End XCBuildConfiguration section */

/* Begin XCConfigurationList section */
		894C43EB21F3498C00470F2A /* Build configuration list for PBXProject "Closures" */ = {
			isa = XCConfigurationList;
			buildConfigurations = (
				894C441621F349B500470F2A /* Debug */,
				894C441721F349B500470F2A /* Release */,
			);
			defaultConfigurationIsVisible = 0;
			defaultConfigurationName = Release;
		};
		894C441821F349B500470F2A /* Build configuration list for PBXNativeTarget "Closures" */ = {
			isa = XCConfigurationList;
			buildConfigurations = (
				894C441921F349B500470F2A /* Debug */,
				894C441A21F349B500470F2A /* Release */,
			);
			defaultConfigurationIsVisible = 0;
			defaultConfigurationName = Release;
		};
		894C441B21F349B500470F2A /* Build configuration list for PBXNativeTarget "ClosuresTests" */ = {
			isa = XCConfigurationList;
			buildConfigurations = (
				894C441C21F349B500470F2A /* Debug */,
				894C441D21F349B500470F2A /* Release */,
			);
			defaultConfigurationIsVisible = 0;
			defaultConfigurationName = Release;
		};
		894C441E21F349B500470F2A /* Build configuration list for PBXNativeTarget "ClosuresUITests" */ = {
			isa = XCConfigurationList;
			buildConfigurations = (
				894C441F21F349B500470F2A /* Debug */,
				894C442021F349B500470F2A /* Release */,
			);
			defaultConfigurationIsVisible = 0;
			defaultConfigurationName = Release;
		};
/* End XCConfigurationList section */
	};
	rootObject = 894C43E821F3498C00470F2A /* Project object */;
}
